{
  "pins" : [
    {
      "identity" : "matrix-rust-components-swift",
      "kind" : "remoteSourceControl",
      "location" : "https://github.com/matrix-org/matrix-rust-components-swift",
      "state" : {
        "revision" : "937bd40d601b59d676c18e466fd111925e498799",
        "version" : "1.0.65-alpha"
      }
    }
  ],
  "version" : 2
}
